%{"bear": {:git, "git://github.com/boundary/bear.git", "119234548783af19b8ec75c879c5062676b92571", [tag: "0.8.2"]},
  "conform": {:hex, :conform, "0.13.0"},
  "exactor": {:git, "https://github.com/sasa1977/exactor.git", "0467f8100bc735405d597dbf94996195eb31e0b6", [tag: "0467f8100bc735405d597dbf94996195eb31e0b6"]},
  "exrm": {:git, "https://github.com/bitwalker/exrm.git", "bebc97c7707b6019a2790132b16653418f25afdc", [tag: "bebc97c7707b6019a2790132b16653418f25afdc"]},
  "extask": {:git, "https://github.com/timCF/extask.git", "691cc1a515750bead8b81ed6c13cddbcf115d754", []},
  "exutils": {:git, "https://github.com/timCF/exutils.git", "375f7f39696df13762a2afa490e85c223149c76f", []},
  "folsom": {:git, "https://github.com/boundary/folsom.git", "8914823067c623d2839ecd6d17785ba94ad004c8", []},
  "hackney": {:hex, :hackney, "1.3.2"},
  "hashex": {:git, "https://github.com/timCF/hashex.git", "d10a5f3e724e7be016c9ff7420ef5eb3780c3dae", []},
  "httphex": {:git, "https://github.com/timCF/httphex.git", "082e58bfbcd6310a391f561fe3ef8c74a6cbf544", []},
  "httpoison": {:git, "https://github.com/edgurgel/httpoison.git", "0a11d753d95a17dc42d38f3527ddd8c13d94cde6", []},
  "httpotion": {:hex, :httpotion, "2.0.0"},
  "ibrowse": {:git, "https://github.com/cmullaparthi/ibrowse.git", "5ee4a806611fcf25cc74155871571e9983a0d0fc", [tag: "5ee4a806611fcf25cc74155871571e9983a0d0fc"]},
  "idna": {:hex, :idna, "1.0.2"},
  "jazz": {:git, "https://github.com/meh/jazz.git", "49f335492aca5516495199dd81dd18b845ebaa69", []},
  "logex": {:git, "https://github.com/timCF/logex.git", "cec2390f0fa3772a2717e10d969e2f400c6fe5df", []},
  "maybe": {:git, "https://github.com/timCF/maybe.git", "0c500e3abb3d9b82b65915bf7f388ccf004bb790", []},
  "meck": {:git, "git://github.com/eproxus/meck", "dde759050eff19a1a80fd854d7375174b191665d", [tag: "0.8.2"]},
  "quickrand": {:hex, :quickrand, "1.5.0"},
  "silverb": {:git, "https://github.com/timCF/silverb.git", "7173aa1ff51abf735cf3f1eee379bcea89aa860c", []},
  "ssl_verify_hostname": {:hex, :ssl_verify_hostname, "1.0.5"},
  "tinca": {:git, "https://github.com/timCF/tinca.git", "06ee9bff138dbdeae6c1de0340b10475f4b657b1", []},
  "uuid": {:git, "https://github.com/okeuday/uuid.git", "24325ae6309d03897735c3a320aab6f74b189ab7", []}}
